{
  "name": "sendbird-platform-sdk-typescript-samples",
  "version": "1.0.0",
  "lockfileVersion": 2,
  "requires": true,
  "packages": {
    "": {
      "name": "sendbird-platform-sdk-typescript-samples",
      "version": "1.0.0",
      "license": "ISC",
      "dependencies": {
        "sendbird-platform-sdk-typescript": "file:../sendbird-platform-openapi/sendbird-platform-sdk-typescript"
      },
      "devDependencies": {
        "typescript": "^4.8.4"
      }
    },
    "../sendbird-platform-openapi/sendbird-platform-sdk-typescript": {
      "version": "0.0.14",
      "license": "Unlicense",
      "dependencies": {
        "@types/node": "*",
        "@types/node-fetch": "^2.5.7",
        "btoa": "^1.2.1",
        "es6-promise": "^4.2.4",
        "form-data": "^2.5.0",
        "node-fetch": "^2.6.0",
        "url-parse": "^1.4.3"
      },
      "devDependencies": {
        "@types/url-parse": "1.4.4",
        "typescript": "^4.0"
      }
    },
    "node_modules/sendbird-platform-sdk-typescript": {
      "resolved": "../sendbird-platform-openapi/sendbird-platform-sdk-typescript",
      "link": true
    },
    "node_modules/typescript": {
      "version": "4.8.4",
      "resolved": "https://registry.npmjs.org/typescript/-/typescript-4.8.4.tgz",
      "integrity": "sha512-QCh+85mCy+h0IGff8r5XWzOVSbBO+KfeYrMQh7NJ58QujwcE22u+NUSmUxqF+un70P9GXKxa2HCNiTTMJknyjQ==",
      "dev": true,
      "bin": {
        "tsc": "bin/tsc",
        "tsserver": "bin/tsserver"
      },
      "engines": {
        "node": ">=4.2.0"
      }
    }
  },
  "dependencies": {
    "sendbird-platform-sdk-typescript": {
      "version": "file:../sendbird-platform-openapi/sendbird-platform-sdk-typescript",
      "requires": {
        "@types/node": "*",
        "@types/node-fetch": "^2.5.7",
        "@types/url-parse": "1.4.4",
        "btoa": "^1.2.1",
        "es6-promise": "^4.2.4",
        "form-data": "^2.5.0",
        "node-fetch": "^2.6.0",
        "typescript": "^4.0",
        "url-parse": "^1.4.3"
      }
    },
    "typescript": {
      "version": "4.8.4",
      "resolved": "https://registry.npmjs.org/typescript/-/typescript-4.8.4.tgz",
      "integrity": "sha512-QCh+85mCy+h0IGff8r5XWzOVSbBO+KfeYrMQh7NJ58QujwcE22u+NUSmUxqF+un70P9GXKxa2HCNiTTMJknyjQ==",
      "dev": true
    }
  }
}
